
Microsoft Visual Studio Solution File, Format Version 12.00
# Visual Studio Version 17
VisualStudioVersion = 17.13.35828.75 d17.13
MinimumVisualStudioVersion = 10.0.40219.1
Project("{FAE04EC0-301F-11D3-BF4B-00C04F79EFBC}") = "QuanLyTourDuLich", "QuanLyTourDuLich\QuanLyTourDuLich.csproj", "{1F3AA64F-D9F6-4DB2-9DAC-0892F3F57AEE}"
EndProject
Global
	GlobalSection(SolutionConfigurationPlatforms) = preSolution
		Debug|Any CPU = Debug|Any CPU
		Release|Any CPU = Release|Any CPU
	EndGlobalSection
	GlobalSection(ProjectConfigurationPlatforms) = postSolution
		{1F3AA64F-D9F6-4DB2-9DAC-0892F3F57AEE}.Debug|Any CPU.ActiveCfg = Debug|Any CPU
		{1F3AA64F-D9F6-4DB2-9DAC-0892F3F57AEE}.Debug|Any CPU.Build.0 = Debug|Any CPU
		{1F3AA64F-D9F6-4DB2-9DAC-0892F3F57AEE}.Release|Any CPU.ActiveCfg = Release|Any CPU
		{1F3AA64F-D9F6-4DB2-9DAC-0892F3F57AEE}.Release|Any CPU.Build.0 = Release|Any CPU
	EndGlobalSection
	GlobalSection(SolutionProperties) = preSolution
		HideSolutionNode = FALSE
	EndGlobalSection
	GlobalSection(ExtensibilityGlobals) = postSolution
		SolutionGuid = {3064C447-2910-49E4-88FB-A0D52117200E}
	EndGlobalSection
EndGlobal
